
Microsoft Visual Studio Solution File, Format Version 12.00
# Visual Studio Version 17
VisualStudioVersion = 17.1.32407.343
MinimumVisualStudioVersion = 10.0.40219.1
Project("{FAE04EC0-301F-11D3-BF4B-00C04F79EFBC}") = "AspNetCoreWEBAPP", "AspNetCoreWEBAPP.csproj", "{05AD5A7B-51D9-448D-A990-A25B49232536}"
EndProject
Global
	GlobalSection(SolutionConfigurationPlatforms) = preSolution
		Debug|Any CPU = Debug|Any CPU
		Release|Any CPU = Release|Any CPU
	EndGlobalSection
	GlobalSection(ProjectConfigurationPlatforms) = postSolution
		{05AD5A7B-51D9-448D-A990-A25B49232536}.Debug|Any CPU.ActiveCfg = Debug|Any CPU
		{05AD5A7B-51D9-448D-A990-A25B49232536}.Debug|Any CPU.Build.0 = Debug|Any CPU
		{05AD5A7B-51D9-448D-A990-A25B49232536}.Release|Any CPU.ActiveCfg = Release|Any CPU
		{05AD5A7B-51D9-448D-A990-A25B49232536}.Release|Any CPU.Build.0 = Release|Any CPU
	EndGlobalSection
	GlobalSection(SolutionProperties) = preSolution
		HideSolutionNode = FALSE
	EndGlobalSection
	GlobalSection(ExtensibilityGlobals) = postSolution
		SolutionGuid = {1C159CA1-A6E5-4435-8A21-1D0AA87732CD}
	EndGlobalSection
EndGlobal
